
Microsoft Visual Studio Solution File, Format Version 12.00
# Visual Studio Version 17
VisualStudioVersion = 17.6.33815.320
MinimumVisualStudioVersion = 10.0.40219.1
Project("{9A19103F-16F7-4668-BE54-9A1E7A4F7556}") = "TodoList.Api", "TodoList.Api\TodoList.Api.csproj", "{AAC1C704-45C8-4A71-85B5-B196A6334A88}"
EndProject
Project("{9A19103F-16F7-4668-BE54-9A1E7A4F7556}") = "TodoList.Data", "TodoList.Data\TodoList.Data.csproj", "{6039F84C-C455-4942-B26C-38083DD24C29}"
EndProject
Project("{FAE04EC0-301F-11D3-BF4B-00C04F79EFBC}") = "TodoList.Tests", "TodoList.Tests\TodoList.Tests.csproj", "{5D1EDDD9-5B91-4A87-880B-E9AD07F238EB}"
EndProject
Global
	GlobalSection(SolutionConfigurationPlatforms) = preSolution
		Debug|Any CPU = Debug|Any CPU
		Release|Any CPU = Release|Any CPU
	EndGlobalSection
	GlobalSection(ProjectConfigurationPlatforms) = postSolution
		{AAC1C704-45C8-4A71-85B5-B196A6334A88}.Debug|Any CPU.ActiveCfg = Debug|Any CPU
		{AAC1C704-45C8-4A71-85B5-B196A6334A88}.Debug|Any CPU.Build.0 = Debug|Any CPU
		{AAC1C704-45C8-4A71-85B5-B196A6334A88}.Release|Any CPU.ActiveCfg = Release|Any CPU
		{AAC1C704-45C8-4A71-85B5-B196A6334A88}.Release|Any CPU.Build.0 = Release|Any CPU
		{6039F84C-C455-4942-B26C-38083DD24C29}.Debug|Any CPU.ActiveCfg = Debug|Any CPU
		{6039F84C-C455-4942-B26C-38083DD24C29}.Debug|Any CPU.Build.0 = Debug|Any CPU
		{6039F84C-C455-4942-B26C-38083DD24C29}.Release|Any CPU.ActiveCfg = Release|Any CPU
		{6039F84C-C455-4942-B26C-38083DD24C29}.Release|Any CPU.Build.0 = Release|Any CPU
		{5D1EDDD9-5B91-4A87-880B-E9AD07F238EB}.Debug|Any CPU.ActiveCfg = Debug|Any CPU
		{5D1EDDD9-5B91-4A87-880B-E9AD07F238EB}.Debug|Any CPU.Build.0 = Debug|Any CPU
		{5D1EDDD9-5B91-4A87-880B-E9AD07F238EB}.Release|Any CPU.ActiveCfg = Release|Any CPU
		{5D1EDDD9-5B91-4A87-880B-E9AD07F238EB}.Release|Any CPU.Build.0 = Release|Any CPU
	EndGlobalSection
	GlobalSection(SolutionProperties) = preSolution
		HideSolutionNode = FALSE
	EndGlobalSection
	GlobalSection(ExtensibilityGlobals) = postSolution
		SolutionGuid = {B01AB6EF-ED61-4EEA-941C-FB8DB1F8C8EE}
	EndGlobalSection
EndGlobal
